# THIS IS AN AUTOGENERATED FILE. DO NOT EDIT THIS FILE DIRECTLY.
# yarn lockfile v1


"@types/node@^12.7.3":
  version "12.7.3"
  resolved "https://artifactory.fabric8.ru/api/npm/vrt_npm/@types/node/-/node-12.7.3.tgz#27b3f40addaf2f580459fdb405222685542f907a"
  integrity sha1-J7P0Ct2vL1gEWf20BSImhVQvkHo=

typescript@^3.6.2:
  version "3.6.2"
  resolved "https://artifactory.fabric8.ru/api/npm/vrt_npm/typescript/-/typescript-3.6.2.tgz#105b0f1934119dde543ac8eb71af3a91009efe54"
  integrity sha1-EFsPGTQRnd5UOsjrca86kQCe/lQ=
